
Microsoft Visual Studio Solution File, Format Version 12.00
# Visual Studio 15
VisualStudioVersion = 15.0.28307.136
MinimumVisualStudioVersion = 10.0.40219.1
Project("{FAE04EC0-301F-11D3-BF4B-00C04F79EFBC}") = "ExemploArtigo", "ExemploArtigo\ExemploArtigo.csproj", "{01CA5CD3-78D6-4CD6-AEF1-37DDFE18734E}"
EndProject
Project("{FAE04EC0-301F-11D3-BF4B-00C04F79EFBC}") = "POMtest", "POMtest\POMtest.csproj", "{AE99734F-F22B-4B6D-AA19-71ED731C3613}"
EndProject
Project("{FAE04EC0-301F-11D3-BF4B-00C04F79EFBC}") = "UnitTestProject1", "UnitTestProject1\UnitTestProject1.csproj", "{981E2151-133F-4DFE-95A9-BF9E9DAC3991}"
EndProject
Project("{FAE04EC0-301F-11D3-BF4B-00C04F79EFBC}") = "EstudoNunit", "EstudoNunit\EstudoNunit.csproj", "{57D191CF-66CE-4C7E-812D-D5B39970DED4}"
EndProject
Global
	GlobalSection(SolutionConfigurationPlatforms) = preSolution
		Debug|Any CPU = Debug|Any CPU
		Release|Any CPU = Release|Any CPU
	EndGlobalSection
	GlobalSection(ProjectConfigurationPlatforms) = postSolution
		{01CA5CD3-78D6-4CD6-AEF1-37DDFE18734E}.Debug|Any CPU.ActiveCfg = Debug|Any CPU
		{01CA5CD3-78D6-4CD6-AEF1-37DDFE18734E}.Debug|Any CPU.Build.0 = Debug|Any CPU
		{01CA5CD3-78D6-4CD6-AEF1-37DDFE18734E}.Release|Any CPU.ActiveCfg = Release|Any CPU
		{01CA5CD3-78D6-4CD6-AEF1-37DDFE18734E}.Release|Any CPU.Build.0 = Release|Any CPU
		{AE99734F-F22B-4B6D-AA19-71ED731C3613}.Debug|Any CPU.ActiveCfg = Debug|Any CPU
		{AE99734F-F22B-4B6D-AA19-71ED731C3613}.Debug|Any CPU.Build.0 = Debug|Any CPU
		{AE99734F-F22B-4B6D-AA19-71ED731C3613}.Release|Any CPU.ActiveCfg = Release|Any CPU
		{AE99734F-F22B-4B6D-AA19-71ED731C3613}.Release|Any CPU.Build.0 = Release|Any CPU
		{981E2151-133F-4DFE-95A9-BF9E9DAC3991}.Debug|Any CPU.ActiveCfg = Debug|Any CPU
		{981E2151-133F-4DFE-95A9-BF9E9DAC3991}.Debug|Any CPU.Build.0 = Debug|Any CPU
		{981E2151-133F-4DFE-95A9-BF9E9DAC3991}.Release|Any CPU.ActiveCfg = Release|Any CPU
		{981E2151-133F-4DFE-95A9-BF9E9DAC3991}.Release|Any CPU.Build.0 = Release|Any CPU
		{57D191CF-66CE-4C7E-812D-D5B39970DED4}.Debug|Any CPU.ActiveCfg = Debug|Any CPU
		{57D191CF-66CE-4C7E-812D-D5B39970DED4}.Debug|Any CPU.Build.0 = Debug|Any CPU
		{57D191CF-66CE-4C7E-812D-D5B39970DED4}.Release|Any CPU.ActiveCfg = Release|Any CPU
		{57D191CF-66CE-4C7E-812D-D5B39970DED4}.Release|Any CPU.Build.0 = Release|Any CPU
	EndGlobalSection
	GlobalSection(SolutionProperties) = preSolution
		HideSolutionNode = FALSE
	EndGlobalSection
	GlobalSection(ExtensibilityGlobals) = postSolution
		SolutionGuid = {D10EA691-D936-402B-973F-900739A5E218}
	EndGlobalSection
EndGlobal
