
Microsoft Visual Studio Solution File, Format Version 12.00
# Visual Studio 15
VisualStudioVersion = 15.0.28307.757
MinimumVisualStudioVersion = 10.0.40219.1
Project("{FAE04EC0-301F-11D3-BF4B-00C04F79EFBC}") = "TesteSpecFlowMSTest", "TesteSpecFlowMSTest\TesteSpecFlowMSTest.csproj", "{A87FBA8A-07BC-4DFD-AB96-60ED9F83D614}"
EndProject
Global
	GlobalSection(SolutionConfigurationPlatforms) = preSolution
		Debug|Any CPU = Debug|Any CPU
		Release|Any CPU = Release|Any CPU
	EndGlobalSection
	GlobalSection(ProjectConfigurationPlatforms) = postSolution
		{A87FBA8A-07BC-4DFD-AB96-60ED9F83D614}.Debug|Any CPU.ActiveCfg = Debug|Any CPU
		{A87FBA8A-07BC-4DFD-AB96-60ED9F83D614}.Debug|Any CPU.Build.0 = Debug|Any CPU
		{A87FBA8A-07BC-4DFD-AB96-60ED9F83D614}.Release|Any CPU.ActiveCfg = Release|Any CPU
		{A87FBA8A-07BC-4DFD-AB96-60ED9F83D614}.Release|Any CPU.Build.0 = Release|Any CPU
	EndGlobalSection
	GlobalSection(SolutionProperties) = preSolution
		HideSolutionNode = FALSE
	EndGlobalSection
	GlobalSection(ExtensibilityGlobals) = postSolution
		SolutionGuid = {59958BE1-684A-415A-890E-7815DF41C88E}
	EndGlobalSection
EndGlobal
